{
  "name": "HelloWorld",
  "requires": true,
  "lockfileVersion": 1,
  "dependencies": {
    "@babel/parser": {
      "version": "7.11.2",
      "resolved": "https://registry.npm.taobao.org/@babel/parser/download/@babel/parser-7.11.2.tgz?cache=0&sync_timestamp=1596637816169&other_urls=https%3A%2F%2Fregistry.npm.taobao.org%2F%40babel%2Fparser%2Fdownload%2F%40babel%2Fparser-7.11.2.tgz",
      "integrity": "sha1-CIKrikVd8wZeoty0x1OyRgokvq0=",
      "dev": true
    },
    "@babel/runtime": {
      "version": "7.11.2",
      "resolved": "https://registry.npm.taobao.org/@babel/runtime/download/@babel/runtime-7.11.2.tgz?cache=0&sync_timestamp=1596637824771&other_urls=https%3A%2F%2Fregistry.npm.taobao.org%2F%40babel%2Fruntime%2Fdownload%2F%40babel%2Fruntime-7.11.2.tgz",
      "integrity": "sha1-9UnBPHVMxAuHZEufqfCaapX+BzY=",
      "dev": true,
      "requires": {
        "regenerator-runtime": "^0.13.4"
      }
    },
    "@nodelib/fs.scandir": {
      "version": "2.1.3",
      "resolved": "https://registry.npm.taobao.org/@nodelib/fs.scandir/download/@nodelib/fs.scandir-2.1.3.tgz",
      "integrity": "sha1-Olgr21OATGum0UZXnEblITDPSjs=",
      "dev": true,
      "requires": {
        "@nodelib/fs.stat": "2.0.3",
        "run-parallel": "^1.1.9"
      }
    },
    "@nodelib/fs.stat": {
      "version": "2.0.3",
      "resolved": "https://registry.npm.taobao.org/@nodelib/fs.stat/download/@nodelib/fs.stat-2.0.3.tgz",
      "integrity": "sha1-NNxfTKu8cg9OYPdadH5+zWwXW9M=",
      "dev": true
    },
    "@nodelib/fs.walk": {
      "version": "1.2.4",
      "resolved": "https://registry.npm.taobao.org/@nodelib/fs.walk/download/@nodelib/fs.walk-1.2.4.tgz",
      "integrity": "sha1-ARuSAqcKY2bkNspcBlhEUoqwSXY=",
      "dev": true,
      "requires": {
        "@nodelib/fs.scandir": "2.1.3",
        "fastq": "^1.6.0"
      }
    },
    "@types/color-name": {
      "version": "1.1.1",
      "resolved": "https://registry.npm.taobao.org/@types/color-name/download/@types/color-name-1.1.1.tgz?cache=0&sync_timestamp=1596837531904&other_urls=https%3A%2F%2Fregistry.npm.taobao.org%2F%40types%2Fcolor-name%2Fdownload%2F%40types%2Fcolor-name-1.1.1.tgz",
      "integrity": "sha1-HBJhu+qhCoBVu8XYq4S3sq/IRqA=",
      "dev": true
    },
    "ajv": {
      "version": "6.12.3",
      "resolved": "https://registry.npm.taobao.org/ajv/download/ajv-6.12.3.tgz?cache=0&sync_timestamp=1593876891429&other_urls=https%3A%2F%2Fregistry.npm.taobao.org%2Fajv%2Fdownload%2Fajv-6.12.3.tgz",
      "integrity": "sha1-GMWvOKER3etPJpe9eNaKvByr1wY=",
      "dev": true,
      "requires": {
        "fast-deep-equal": "^3.1.1",
        "fast-json-stable-stringify": "^2.0.0",
        "json-schema-traverse": "^0.4.1",
        "uri-js": "^4.2.2"
      }
    },
    "ansi-styles": {
      "version": "4.2.1",
      "resolved": "https://registry.npm.taobao.org/ansi-styles/download/ansi-styles-4.2.1.tgz?cache=0&other_urls=https%3A%2F%2Fregistry.npm.taobao.org%2Fansi-styles%2Fdownload%2Fansi-styles-4.2.1.tgz",
      "integrity": "sha1-kK51xCTQCNJiTFvynq0xd+v881k=",
      "dev": true,
      "requires": {
        "@types/color-name": "^1.1.1",
        "color-convert": "^2.0.1"
      }
    },
    "array-union": {
      "version": "2.1.0",
      "resolved": "https://registry.npm.taobao.org/array-union/download/array-union-2.1.0.tgz",
      "integrity": "sha1-t5hCCtvrHego2ErNii4j0+/oXo0=",
      "dev": true
    },
    "asn1": {
      "version": "0.2.4",
      "resolved": "http://registry.npm.taobao.org/asn1/download/asn1-0.2.4.tgz",
      "integrity": "sha1-jSR136tVO7M+d7VOWeiAu4ziMTY=",
      "dev": true,
      "requires": {
        "safer-buffer": "~2.1.0"
      }
    },
    "assert-plus": {
      "version": "1.0.0",
      "resolved": "http://registry.npm.taobao.org/assert-plus/download/assert-plus-1.0.0.tgz",
      "integrity": "sha1-8S4PPF13sLHN2RRpQuTpbB5N1SU=",
      "dev": true
    },
    "asynckit": {
      "version": "0.4.0",
      "resolved": "http://registry.npm.taobao.org/asynckit/download/asynckit-0.4.0.tgz",
      "integrity": "sha1-x57Zf380y48robyXkLzDZkdLS3k=",
      "dev": true
    },
    "aws-sign2": {
      "version": "0.7.0",
      "resolved": "http://registry.npm.taobao.org/aws-sign2/download/aws-sign2-0.7.0.tgz",
      "integrity": "sha1-tG6JCTSpWR8tL2+G1+ap8bP+dqg=",
      "dev": true
    },
    "aws4": {
      "version": "1.10.0",
      "resolved": "https://registry.npm.taobao.org/aws4/download/aws4-1.10.0.tgz",
      "integrity": "sha1-oXs6jqgRBg501H0wYSJACtRJeuI=",
      "dev": true
    },
    "bcrypt-pbkdf": {
      "version": "1.0.2",
      "resolved": "http://registry.npm.taobao.org/bcrypt-pbkdf/download/bcrypt-pbkdf-1.0.2.tgz",
      "integrity": "sha1-pDAdOJtqQ/m2f/PKEaP2Y342Dp4=",
      "dev": true,
      "requires": {
        "tweetnacl": "^0.14.3"
      }
    },
    "braces": {
      "version": "3.0.2",
      "resolved": "https://registry.npm.taobao.org/braces/download/braces-3.0.2.tgz",
      "integrity": "sha1-NFThpGLujVmeI23zNs2epPiv4Qc=",
      "dev": true,
      "requires": {
        "fill-range": "^7.0.1"
      }
    },
    "byline": {
      "version": "5.0.0",
      "resolved": "https://registry.npm.taobao.org/byline/download/byline-5.0.0.tgz",
      "integrity": "sha1-dBxSFkaOrcRXsDQQEYrXfejB3bE=",
      "dev": true
    },
    "caseless": {
      "version": "0.12.0",
      "resolved": "http://registry.npm.taobao.org/caseless/download/caseless-0.12.0.tgz",
      "integrity": "sha1-G2gcIf+EAzyCZUMJBolCDRhxUdw=",
      "dev": true
    },
    "chalk": {
      "version": "3.0.0",
      "resolved": "https://registry.npm.taobao.org/chalk/download/chalk-3.0.0.tgz?cache=0&sync_timestamp=1592843133653&other_urls=https%3A%2F%2Fregistry.npm.taobao.org%2Fchalk%2Fdownload%2Fchalk-3.0.0.tgz",
      "integrity": "sha1-P3PCv1JlkfV0zEksUeJFY0n4ROQ=",
      "dev": true,
      "requires": {
        "ansi-styles": "^4.1.0",
        "supports-color": "^7.1.0"
      }
    },
    "color-convert": {
      "version": "2.0.1",
      "resolved": "https://registry.npm.taobao.org/color-convert/download/color-convert-2.0.1.tgz",
      "integrity": "sha1-ctOmjVmMm9s68q0ehPIdiWq9TeM=",
      "dev": true,
      "requires": {
        "color-name": "~1.1.4"
      }
    },
    "color-name": {
      "version": "1.1.4",
      "resolved": "http://registry.npm.taobao.org/color-name/download/color-name-1.1.4.tgz",
      "integrity": "sha1-wqCah6y95pVD3m9j+jmVyCbFNqI=",
      "dev": true
    },
    "combined-stream": {
      "version": "1.0.8",
      "resolved": "https://registry.npm.taobao.org/combined-stream/download/combined-stream-1.0.8.tgz",
      "integrity": "sha1-w9RaizT9cwYxoRCoolIGgrMdWn8=",
      "dev": true,
      "requires": {
        "delayed-stream": "~1.0.0"
      }
    },
    "core-util-is": {
      "version": "1.0.2",
      "resolved": "http://registry.npm.taobao.org/core-util-is/download/core-util-is-1.0.2.tgz",
      "integrity": "sha1-tf1UIgqivFq1eqtxQMlAdUUDwac=",
      "dev": true
    },
    "dashdash": {
      "version": "1.14.1",
      "resolved": "http://registry.npm.taobao.org/dashdash/download/dashdash-1.14.1.tgz",
      "integrity": "sha1-hTz6D3y+L+1d4gMmuN1YEDX24vA=",
      "dev": true,
      "requires": {
        "assert-plus": "^1.0.0"
      }
    },
    "deep-is": {
      "version": "0.1.3",
      "resolved": "http://registry.npm.taobao.org/deep-is/download/deep-is-0.1.3.tgz",
      "integrity": "sha1-s2nW+128E+7PUk+RsHD+7cNXzzQ=",
      "dev": true
    },
    "delayed-stream": {
      "version": "1.0.0",
      "resolved": "http://registry.npm.taobao.org/delayed-stream/download/delayed-stream-1.0.0.tgz",
      "integrity": "sha1-3zrhmayt+31ECqrgsp4icrJOxhk=",
      "dev": true
    },
    "dir-glob": {
      "version": "3.0.1",
      "resolved": "https://registry.npm.taobao.org/dir-glob/download/dir-glob-3.0.1.tgz",
      "integrity": "sha1-Vtv3PZkqSpO6FYT0U0Bj/S5BcX8=",
      "dev": true,
      "requires": {
        "path-type": "^4.0.0"
      }
    },
    "ecc-jsbn": {
      "version": "0.1.2",
      "resolved": "http://registry.npm.taobao.org/ecc-jsbn/download/ecc-jsbn-0.1.2.tgz",
      "integrity": "sha1-OoOpBOVDUyh4dMVkt1SThoSamMk=",
      "dev": true,
      "requires": {
        "jsbn": "~0.1.0",
        "safer-buffer": "^2.1.0"
      }
    },
    "escodegen": {
      "version": "1.14.3",
      "resolved": "https://registry.npm.taobao.org/escodegen/download/escodegen-1.14.3.tgz?cache=0&sync_timestamp=1596667949574&other_urls=https%3A%2F%2Fregistry.npm.taobao.org%2Fescodegen%2Fdownload%2Fescodegen-1.14.3.tgz",
      "integrity": "sha1-TnuB+6YVgdyXWC7XjKt/Do1j9QM=",
      "dev": true,
      "requires": {
        "esprima": "^4.0.1",
        "estraverse": "^4.2.0",
        "esutils": "^2.0.2",
        "optionator": "^0.8.1",
        "source-map": "~0.6.1"
      }
    },
    "esprima": {
      "version": "4.0.1",
      "resolved": "http://registry.npm.taobao.org/esprima/download/esprima-4.0.1.tgz",
      "integrity": "sha1-E7BM2z5sXRnfkatph6hpVhmwqnE=",
      "dev": true
    },
    "estraverse": {
      "version": "4.3.0",
      "resolved": "https://registry.npm.taobao.org/estraverse/download/estraverse-4.3.0.tgz?cache=0&sync_timestamp=1596643087695&other_urls=https%3A%2F%2Fregistry.npm.taobao.org%2Festraverse%2Fdownload%2Festraverse-4.3.0.tgz",
      "integrity": "sha1-OYrT88WiSUi+dyXoPRGn3ijNvR0=",
      "dev": true
    },
    "esutils": {
      "version": "2.0.3",
      "resolved": "https://registry.npm.taobao.org/esutils/download/esutils-2.0.3.tgz",
      "integrity": "sha1-dNLrTeC42hKTcRkQ1Qd1ubcQ72Q=",
      "dev": true
    },
    "expand-template": {
      "version": "2.0.3",
      "resolved": "https://registry.npm.taobao.org/expand-template/download/expand-template-2.0.3.tgz",
      "integrity": "sha1-bhSz/O4POmNA7LV9LokYaSBSpHw=",
      "dev": true
    },
    "extend": {
      "version": "3.0.2",
      "resolved": "http://registry.npm.taobao.org/extend/download/extend-3.0.2.tgz",
      "integrity": "sha1-+LETa0Bx+9jrFAr/hYsQGewpFfo=",
      "dev": true
    },
    "extsprintf": {
      "version": "1.3.0",
      "resolved": "http://registry.npm.taobao.org/extsprintf/download/extsprintf-1.3.0.tgz",
      "integrity": "sha1-lpGEQOMEGnpBT4xS48V06zw+HgU=",
      "dev": true
    },
    "fast-deep-equal": {
      "version": "3.1.3",
      "resolved": "https://registry.npm.taobao.org/fast-deep-equal/download/fast-deep-equal-3.1.3.tgz",
      "integrity": "sha1-On1WtVnWy8PrUSMlJE5hmmXGxSU=",
      "dev": true
    },
    "fast-glob": {
      "version": "3.2.4",
      "resolved": "https://registry.npm.taobao.org/fast-glob/download/fast-glob-3.2.4.tgz",
      "integrity": "sha1-0grvv5lXk4Pn88xmUpFYybmFVNM=",
      "dev": true,
      "requires": {
        "@nodelib/fs.stat": "^2.0.2",
        "@nodelib/fs.walk": "^1.2.3",
        "glob-parent": "^5.1.0",
        "merge2": "^1.3.0",
        "micromatch": "^4.0.2",
        "picomatch": "^2.2.1"
      }
    },
    "fast-json-stable-stringify": {
      "version": "2.1.0",
      "resolved": "https://registry.npm.taobao.org/fast-json-stable-stringify/download/fast-json-stable-stringify-2.1.0.tgz?cache=0&sync_timestamp=1576340291001&other_urls=https%3A%2F%2Fregistry.npm.taobao.org%2Ffast-json-stable-stringify%2Fdownload%2Ffast-json-stable-stringify-2.1.0.tgz",
      "integrity": "sha1-h0v2nG9ATCtdmcSBNBOZ/VWJJjM=",
      "dev": true
    },
    "fast-levenshtein": {
      "version": "2.0.6",
      "resolved": "https://registry.npm.taobao.org/fast-levenshtein/download/fast-levenshtein-2.0.6.tgz",
      "integrity": "sha1-PYpcZog6FqMMqGQ+hR8Zuqd5eRc=",
      "dev": true
    },
    "fastq": {
      "version": "1.8.0",
      "resolved": "https://registry.npm.taobao.org/fastq/download/fastq-1.8.0.tgz",
      "integrity": "sha1-VQ4fn1m7xl/hhctqm02VNXEH9IE=",
      "dev": true,
      "requires": {
        "reusify": "^1.0.4"
      }
    },
    "fill-range": {
      "version": "7.0.1",
      "resolved": "https://registry.npm.taobao.org/fill-range/download/fill-range-7.0.1.tgz",
      "integrity": "sha1-GRmmp8df44ssfHflGYU12prN2kA=",
      "dev": true,
      "requires": {
        "to-regex-range": "^5.0.1"
      }
    },
    "forever-agent": {
      "version": "0.6.1",
      "resolved": "http://registry.npm.taobao.org/forever-agent/download/forever-agent-0.6.1.tgz",
      "integrity": "sha1-+8cfDEGt6zf5bFd60e1C2P2sypE=",
      "dev": true
    },
    "form-data": {
      "version": "2.3.3",
      "resolved": "https://registry.npm.taobao.org/form-data/download/form-data-2.3.3.tgz",
      "integrity": "sha1-3M5SwF9kTymManq5Nr1yTO/786Y=",
      "dev": true,
      "requires": {
        "asynckit": "^0.4.0",
        "combined-stream": "^1.0.6",
        "mime-types": "^2.1.12"
      }
    },
    "from2": {
      "version": "2.3.0",
      "resolved": "http://registry.npm.taobao.org/from2/download/from2-2.3.0.tgz",
      "integrity": "sha1-i/tVAr3kpNNs/e6gB/zKIdfjgq8=",
      "dev": true,
      "requires": {
        "inherits": "^2.0.1",
        "readable-stream": "^2.0.0"
      },
      "dependencies": {
        "readable-stream": {
          "version": "2.3.7",
          "resolved": "https://registry.npm.taobao.org/readable-stream/download/readable-stream-2.3.7.tgz?cache=0&sync_timestamp=1581622984924&other_urls=https%3A%2F%2Fregistry.npm.taobao.org%2Freadable-stream%2Fdownload%2Freadable-stream-2.3.7.tgz",
          "integrity": "sha1-Hsoc9xGu+BTAT2IlKjamL2yyO1c=",
          "dev": true,
          "requires": {
            "core-util-is": "~1.0.0",
            "inherits": "~2.0.3",
            "isarray": "~1.0.0",
            "process-nextick-args": "~2.0.0",
            "safe-buffer": "~5.1.1",
            "string_decoder": "~1.1.1",
            "util-deprecate": "~1.0.1"
          }
        },
        "safe-buffer": {
          "version": "5.1.2",
          "resolved": "https://registry.npm.taobao.org/safe-buffer/download/safe-buffer-5.1.2.tgz",
          "integrity": "sha1-mR7GnSluAxN0fVm9/St0XDX4go0=",
          "dev": true
        },
        "string_decoder": {
          "version": "1.1.1",
          "resolved": "https://registry.npm.taobao.org/string_decoder/download/string_decoder-1.1.1.tgz",
          "integrity": "sha1-nPFhG6YmhdcDCunkujQUnDrwP8g=",
          "dev": true,
          "requires": {
            "safe-buffer": "~5.1.0"
          }
        }
      }
    },
    "fs-extra": {
      "version": "8.1.0",
      "resolved": "https://registry.npm.taobao.org/fs-extra/download/fs-extra-8.1.0.tgz?cache=0&sync_timestamp=1592843137563&other_urls=https%3A%2F%2Fregistry.npm.taobao.org%2Ffs-extra%2Fdownload%2Ffs-extra-8.1.0.tgz",
      "integrity": "sha1-SdQ8RaiM2Wd2aMt74bRu/bjS4cA=",
      "dev": true,
      "requires": {
        "graceful-fs": "^4.2.0",
        "jsonfile": "^4.0.0",
        "universalify": "^0.1.0"
      }
    },
    "getpass": {
      "version": "0.1.7",
      "resolved": "http://registry.npm.taobao.org/getpass/download/getpass-0.1.7.tgz",
      "integrity": "sha1-Xv+OPmhNVprkyysSgmBOi6YhSfo=",
      "dev": true,
      "requires": {
        "assert-plus": "^1.0.0"
      }
    },
    "glob-parent": {
      "version": "5.1.1",
      "resolved": "https://registry.npm.taobao.org/glob-parent/download/glob-parent-5.1.1.tgz",
      "integrity": "sha1-tsHvQXxOVmPqSY8cRa+saRa7wik=",
      "dev": true,
      "requires": {
        "is-glob": "^4.0.1"
      }
    },
    "globby": {
      "version": "11.0.1",
      "resolved": "https://registry.npm.taobao.org/globby/download/globby-11.0.1.tgz",
      "integrity": "sha1-mivxB6Bo8//qvEmtcCx57ejP01c=",
      "dev": true,
      "requires": {
        "array-union": "^2.1.0",
        "dir-glob": "^3.0.1",
        "fast-glob": "^3.1.1",
        "ignore": "^5.1.4",
        "merge2": "^1.3.0",
        "slash": "^3.0.0"
      }
    },
    "graceful-fs": {
      "version": "4.2.4",
      "resolved": "https://registry.npm.taobao.org/graceful-fs/download/graceful-fs-4.2.4.tgz",
      "integrity": "sha1-Ila94U02MpWMRl68ltxGfKB6Kfs=",
      "dev": true
    },
    "har-schema": {
      "version": "2.0.0",
      "resolved": "http://registry.npm.taobao.org/har-schema/download/har-schema-2.0.0.tgz",
      "integrity": "sha1-qUwiJOvKwEeCoNkDVSHyRzW37JI=",
      "dev": true
    },
    "har-validator": {
      "version": "5.1.5",
      "resolved": "https://registry.npm.taobao.org/har-validator/download/har-validator-5.1.5.tgz?cache=0&sync_timestamp=1596082578993&other_urls=https%3A%2F%2Fregistry.npm.taobao.org%2Fhar-validator%2Fdownload%2Fhar-validator-5.1.5.tgz",
      "integrity": "sha1-HwgDufjLIMD6E4It8ezds2veHv0=",
      "dev": true,
      "requires": {
        "ajv": "^6.12.3",
        "har-schema": "^2.0.0"
      }
    },
    "has-flag": {
      "version": "4.0.0",
      "resolved": "https://registry.npm.taobao.org/has-flag/download/has-flag-4.0.0.tgz",
      "integrity": "sha1-lEdx/ZyByBJlxNaUGGDaBrtZR5s=",
      "dev": true
    },
    "http-signature": {
      "version": "1.2.0",
      "resolved": "https://registry.npm.taobao.org/http-signature/download/http-signature-1.2.0.tgz",
      "integrity": "sha1-muzZJRFHcvPZW2WmCruPfBj7rOE=",
      "dev": true,
      "requires": {
        "assert-plus": "^1.0.0",
        "jsprim": "^1.2.2",
        "sshpk": "^1.7.0"
      }
    },
    "ignore": {
      "version": "5.1.8",
      "resolved": "https://registry.npm.taobao.org/ignore/download/ignore-5.1.8.tgz",
      "integrity": "sha1-8VCotQo0KJsz4i9YiavU2AFvDlc=",
      "dev": true
    },
    "inherits": {
      "version": "2.0.4",
      "resolved": "https://registry.npmjs.org/inherits/-/inherits-2.0.4.tgz",
      "integrity": "sha512-k/vGaX4/Yla3WzyMCvTQOXYeIHvqOKtnqBduzTHpzpQZzAskKMhZ2K+EnBiSM9zGSoIFeMpXKxa4dYeZIQqewQ==",
      "dev": true
    },
    "into-stream": {
      "version": "5.1.1",
      "resolved": "https://registry.npm.taobao.org/into-stream/download/into-stream-5.1.1.tgz",
      "integrity": "sha1-+aIKNIoR88E/rOInY/LQLhJ/Tbg=",
      "dev": true,
      "requires": {
        "from2": "^2.3.0",
        "p-is-promise": "^3.0.0"
      }
    },
    "is-extglob": {
      "version": "2.1.1",
      "resolved": "http://registry.npm.taobao.org/is-extglob/download/is-extglob-2.1.1.tgz",
      "integrity": "sha1-qIwCU1eR8C7TfHahueqXc8gz+MI=",
      "dev": true
    },
    "is-glob": {
      "version": "4.0.1",
      "resolved": "https://registry.npm.taobao.org/is-glob/download/is-glob-4.0.1.tgz",
      "integrity": "sha1-dWfb6fL14kZ7x3q4PEopSCQHpdw=",
      "dev": true,
      "requires": {
        "is-extglob": "^2.1.1"
      }
    },
    "is-number": {
      "version": "7.0.0",
      "resolved": "http://registry.npm.taobao.org/is-number/download/is-number-7.0.0.tgz",
      "integrity": "sha1-dTU0W4lnNNX4DE0GxQlVUnoU8Ss=",
      "dev": true
    },
    "is-typedarray": {
      "version": "1.0.0",
      "resolved": "http://registry.npm.taobao.org/is-typedarray/download/is-typedarray-1.0.0.tgz",
      "integrity": "sha1-5HnICFjfDBsR3dppQPlgEfzaSpo=",
      "dev": true
    },
    "isarray": {
      "version": "1.0.0",
      "resolved": "https://registry.npm.taobao.org/isarray/download/isarray-1.0.0.tgz?cache=0&sync_timestamp=1562592096220&other_urls=https%3A%2F%2Fregistry.npm.taobao.org%2Fisarray%2Fdownload%2Fisarray-1.0.0.tgz",
      "integrity": "sha1-u5NdSFgsuhaMBoNJV6VKPgcSTxE=",
      "dev": true
    },
    "isstream": {
      "version": "0.1.2",
      "resolved": "http://registry.npm.taobao.org/isstream/download/isstream-0.1.2.tgz",
      "integrity": "sha1-R+Y/evVa+m+S4VAOaQ64uFKcCZo=",
      "dev": true
    },
    "jsbn": {
      "version": "0.1.1",
      "resolved": "http://registry.npm.taobao.org/jsbn/download/jsbn-0.1.1.tgz",
      "integrity": "sha1-peZUwuWi3rXyAdls77yoDA7y9RM=",
      "dev": true
    },
    "json-schema": {
      "version": "0.2.3",
      "resolved": "https://registry.npm.taobao.org/json-schema/download/json-schema-0.2.3.tgz",
      "integrity": "sha1-tIDIkuWaLwWVTOcnvT8qTogvnhM=",
      "dev": true
    },
    "json-schema-traverse": {
      "version": "0.4.1",
      "resolved": "http://registry.npm.taobao.org/json-schema-traverse/download/json-schema-traverse-0.4.1.tgz",
      "integrity": "sha1-afaofZUTq4u4/mO9sJecRI5oRmA=",
      "dev": true
    },
    "json-stringify-safe": {
      "version": "5.0.1",
      "resolved": "http://registry.npm.taobao.org/json-stringify-safe/download/json-stringify-safe-5.0.1.tgz",
      "integrity": "sha1-Epai1Y/UXxmg9s4B1lcB4sc1tus=",
      "dev": true
    },
    "jsonfile": {
      "version": "4.0.0",
      "resolved": "https://registry.npm.taobao.org/jsonfile/download/jsonfile-4.0.0.tgz",
      "integrity": "sha1-h3Gq4HmbZAdrdmQPygWPnBDjPss=",
      "dev": true,
      "requires": {
        "graceful-fs": "^4.1.6"
      }
    },
    "jsprim": {
      "version": "1.4.1",
      "resolved": "http://registry.npm.taobao.org/jsprim/download/jsprim-1.4.1.tgz",
      "integrity": "sha1-MT5mvB5cwG5Di8G3SZwuXFastqI=",
      "dev": true,
      "requires": {
        "assert-plus": "1.0.0",
        "extsprintf": "1.3.0",
        "json-schema": "0.2.3",
        "verror": "1.10.0"
      }
    },
    "levn": {
      "version": "0.3.0",
      "resolved": "https://registry.npm.taobao.org/levn/download/levn-0.3.0.tgz",
      "integrity": "sha1-OwmSTt+fCDwEkP3UwLxEIeBHZO4=",
      "dev": true,
      "requires": {
        "prelude-ls": "~1.1.2",
        "type-check": "~0.3.2"
      }
    },
    "merge2": {
      "version": "1.4.1",
      "resolved": "https://registry.npm.taobao.org/merge2/download/merge2-1.4.1.tgz",
      "integrity": "sha1-Q2iJL4hekHRVpv19xVwMnUBJkK4=",
      "dev": true
    },
    "micromatch": {
      "version": "4.0.2",
      "resolved": "https://registry.npm.taobao.org/micromatch/download/micromatch-4.0.2.tgz",
      "integrity": "sha1-T8sJmb+fvC/L3SEvbWKbmlbDklk=",
      "dev": true,
      "requires": {
        "braces": "^3.0.1",
        "picomatch": "^2.0.5"
      }
    },
    "mime-db": {
      "version": "1.44.0",
      "resolved": "https://registry.npmjs.org/mime-db/-/mime-db-1.44.0.tgz",
      "integrity": "sha512-/NOTfLrsPBVeH7YtFPgsVWveuL+4SjjYxaQ1xtM1KMFj7HdxlBlxeyNLzhyJVx7r4rZGJAZ/6lkKCitSc/Nmpg==",
      "dev": true
    },
    "mime-types": {
      "version": "2.1.27",
      "resolved": "https://registry.npmjs.org/mime-types/-/mime-types-2.1.27.tgz",
      "integrity": "sha512-JIhqnCasI9yD+SsmkquHBxTSEuZdQX5BuQnS2Vc7puQQQ+8yiP5AY5uWhpdv4YL4VM5c6iliiYWPgJ/nJQLp7w==",
      "dev": true,
      "requires": {
        "mime-db": "1.44.0"
      }
    },
    "minimist": {
      "version": "1.2.5",
      "resolved": "https://registry.npm.taobao.org/minimist/download/minimist-1.2.5.tgz",
      "integrity": "sha1-Z9ZgFLZqaoqqDAg8X9WN9OTpdgI=",
      "dev": true
    },
    "mkdirp": {
      "version": "0.5.5",
      "resolved": "https://registry.npm.taobao.org/mkdirp/download/mkdirp-0.5.5.tgz",
      "integrity": "sha1-2Rzv1i0UNsoPQWIOJRKI1CAJne8=",
      "dev": true,
      "requires": {
        "minimist": "^1.2.5"
      }
    },
    "multistream": {
      "version": "2.1.1",
      "resolved": "https://registry.npm.taobao.org/multistream/download/multistream-2.1.1.tgz",
      "integrity": "sha1-Yp06Kb12YjSJmA0EUZosNllIFIw=",
      "dev": true,
      "requires": {
        "inherits": "^2.0.1",
        "readable-stream": "^2.0.5"
      },
      "dependencies": {
        "readable-stream": {
          "version": "2.3.7",
          "resolved": "https://registry.npm.taobao.org/readable-stream/download/readable-stream-2.3.7.tgz?cache=0&sync_timestamp=1581622984924&other_urls=https%3A%2F%2Fregistry.npm.taobao.org%2Freadable-stream%2Fdownload%2Freadable-stream-2.3.7.tgz",
          "integrity": "sha1-Hsoc9xGu+BTAT2IlKjamL2yyO1c=",
          "dev": true,
          "requires": {
            "core-util-is": "~1.0.0",
            "inherits": "~2.0.3",
            "isarray": "~1.0.0",
            "process-nextick-args": "~2.0.0",
            "safe-buffer": "~5.1.1",
            "string_decoder": "~1.1.1",
            "util-deprecate": "~1.0.1"
          }
        },
        "safe-buffer": {
          "version": "5.1.2",
          "resolved": "https://registry.npm.taobao.org/safe-buffer/download/safe-buffer-5.1.2.tgz",
          "integrity": "sha1-mR7GnSluAxN0fVm9/St0XDX4go0=",
          "dev": true
        },
        "string_decoder": {
          "version": "1.1.1",
          "resolved": "https://registry.npm.taobao.org/string_decoder/download/string_decoder-1.1.1.tgz",
          "integrity": "sha1-nPFhG6YmhdcDCunkujQUnDrwP8g=",
          "dev": true,
          "requires": {
            "safe-buffer": "~5.1.0"
          }
        }
      }
    },
    "oauth-sign": {
      "version": "0.9.0",
      "resolved": "http://registry.npm.taobao.org/oauth-sign/download/oauth-sign-0.9.0.tgz",
      "integrity": "sha1-R6ewFrqmi1+g7PPe4IqFxnmsZFU=",
      "dev": true
    },
    "optionator": {
      "version": "0.8.3",
      "resolved": "https://registry.npm.taobao.org/optionator/download/optionator-0.8.3.tgz",
      "integrity": "sha1-hPodA2/p08fiHZmIS2ARZ+yPtJU=",
      "dev": true,
      "requires": {
        "deep-is": "~0.1.3",
        "fast-levenshtein": "~2.0.6",
        "levn": "~0.3.0",
        "prelude-ls": "~1.1.2",
        "type-check": "~0.3.2",
        "word-wrap": "~1.2.3"
      }
    },
    "os-tmpdir": {
      "version": "1.0.2",
      "resolved": "http://registry.npm.taobao.org/os-tmpdir/download/os-tmpdir-1.0.2.tgz",
      "integrity": "sha1-u+Z0BseaqFxc/sdm/lc0VV36EnQ=",
      "dev": true
    },
    "p-is-promise": {
      "version": "3.0.0",
      "resolved": "https://registry.npm.taobao.org/p-is-promise/download/p-is-promise-3.0.0.tgz",
      "integrity": "sha1-WOeMff4uFjzyoE/4aefB26ZKWXE=",
      "dev": true
    },
    "path-parse": {
      "version": "1.0.6",
      "resolved": "http://registry.npm.taobao.org/path-parse/download/path-parse-1.0.6.tgz",
      "integrity": "sha1-1i27VnlAXXLEc37FhgDp3c8G0kw=",
      "dev": true
    },
    "path-type": {
      "version": "4.0.0",
      "resolved": "http://registry.npm.taobao.org/path-type/download/path-type-4.0.0.tgz",
      "integrity": "sha1-hO0BwKe6OAr+CdkKjBgNzZ0DBDs=",
      "dev": true
    },
    "performance-now": {
      "version": "2.1.0",
      "resolved": "http://registry.npm.taobao.org/performance-now/download/performance-now-2.1.0.tgz",
      "integrity": "sha1-Ywn04OX6kT7BxpMHrjZLSzd8nns=",
      "dev": true
    },
    "picomatch": {
      "version": "2.2.2",
      "resolved": "https://registry.npm.taobao.org/picomatch/download/picomatch-2.2.2.tgz",
      "integrity": "sha1-IfMz6ba46v8CRo9RRupAbTRfTa0=",
      "dev": true
    },
    "pkg": {
      "version": "4.4.9",
      "resolved": "https://registry.npm.taobao.org/pkg/download/pkg-4.4.9.tgz",
      "integrity": "sha1-vgT40DeVdyt8Q5RySuclLXwqRRk=",
      "dev": true,
      "requires": {
        "@babel/parser": "^7.9.4",
        "@babel/runtime": "^7.9.2",
        "chalk": "^3.0.0",
        "escodegen": "^1.14.1",
        "fs-extra": "^8.1.0",
        "globby": "^11.0.0",
        "into-stream": "^5.1.1",
        "minimist": "^1.2.5",
        "multistream": "^2.1.1",
        "pkg-fetch": "^2.6.9",
        "progress": "^2.0.3",
        "resolve": "^1.15.1",
        "stream-meter": "^1.0.4"
      }
    },
    "pkg-fetch": {
      "version": "2.6.9",
      "resolved": "https://registry.npm.taobao.org/pkg-fetch/download/pkg-fetch-2.6.9.tgz",
      "integrity": "sha1-wYxfqWBMV6PfPZYwr7ZOF2vIcy0=",
      "dev": true,
      "requires": {
        "@babel/runtime": "^7.9.2",
        "byline": "^5.0.0",
        "chalk": "^3.0.0",
        "expand-template": "^2.0.3",
        "fs-extra": "^8.1.0",
        "minimist": "^1.2.5",
        "progress": "^2.0.3",
        "request": "^2.88.0",
        "request-progress": "^3.0.0",
        "semver": "^6.3.0",
        "unique-temp-dir": "^1.0.0"
      }
    },
    "prelude-ls": {
      "version": "1.1.2",
      "resolved": "https://registry.npm.taobao.org/prelude-ls/download/prelude-ls-1.1.2.tgz",
      "integrity": "sha1-IZMqVJ9eUv/ZqCf1cOBL5iqX2lQ=",
      "dev": true
    },
    "process-nextick-args": {
      "version": "2.0.1",
      "resolved": "https://registry.npm.taobao.org/process-nextick-args/download/process-nextick-args-2.0.1.tgz",
      "integrity": "sha1-eCDZsWEgzFXKmud5JoCufbptf+I=",
      "dev": true
    },
    "progress": {
      "version": "2.0.3",
      "resolved": "http://registry.npm.taobao.org/progress/download/progress-2.0.3.tgz",
      "integrity": "sha1-foz42PW48jnBvGi+tOt4Vn1XLvg=",
      "dev": true
    },
    "psl": {
      "version": "1.8.0",
      "resolved": "https://registry.npm.taobao.org/psl/download/psl-1.8.0.tgz",
      "integrity": "sha1-kyb4vPsBOtzABf3/BWrM4CDlHCQ=",
      "dev": true
    },
    "punycode": {
      "version": "2.1.1",
      "resolved": "http://registry.npm.taobao.org/punycode/download/punycode-2.1.1.tgz",
      "integrity": "sha1-tYsBCsQMIsVldhbI0sLALHv0eew=",
      "dev": true
    },
    "regenerator-runtime": {
      "version": "0.13.7",
      "resolved": "https://registry.npm.taobao.org/regenerator-runtime/download/regenerator-runtime-0.13.7.tgz",
      "integrity": "sha1-ysLazIoepnX+qrrriugziYrkb1U=",
      "dev": true
    },
    "request": {
      "version": "2.88.2",
      "resolved": "https://registry.npm.taobao.org/request/download/request-2.88.2.tgz?cache=0&sync_timestamp=1592843183066&other_urls=https%3A%2F%2Fregistry.npm.taobao.org%2Frequest%2Fdownload%2Frequest-2.88.2.tgz",
      "integrity": "sha1-1zyRhzHLWofaBH4gcjQUb2ZNErM=",
      "dev": true,
      "requires": {
        "aws-sign2": "~0.7.0",
        "aws4": "^1.8.0",
        "caseless": "~0.12.0",
        "combined-stream": "~1.0.6",
        "extend": "~3.0.2",
        "forever-agent": "~0.6.1",
        "form-data": "~2.3.2",
        "har-validator": "~5.1.3",
        "http-signature": "~1.2.0",
        "is-typedarray": "~1.0.0",
        "isstream": "~0.1.2",
        "json-stringify-safe": "~5.0.1",
        "mime-types": "~2.1.19",
        "oauth-sign": "~0.9.0",
        "performance-now": "^2.1.0",
        "qs": "~6.5.2",
        "safe-buffer": "^5.1.2",
        "tough-cookie": "~2.5.0",
        "tunnel-agent": "^0.6.0",
        "uuid": "^3.3.2"
      },
      "dependencies": {
        "qs": {
          "version": "6.5.2",
          "resolved": "https://registry.npm.taobao.org/qs/download/qs-6.5.2.tgz?cache=0&other_urls=https%3A%2F%2Fregistry.npm.taobao.org%2Fqs%2Fdownload%2Fqs-6.5.2.tgz",
          "integrity": "sha1-yzroBuh0BERYTvFUzo7pjUA/PjY=",
          "dev": true
        }
      }
    },
    "request-progress": {
      "version": "3.0.0",
      "resolved": "http://registry.npm.taobao.org/request-progress/download/request-progress-3.0.0.tgz",
      "integrity": "sha1-TKdUCBx/7GP1BeT6qCWqBs1mnb4=",
      "dev": true,
      "requires": {
        "throttleit": "^1.0.0"
      }
    },
    "resolve": {
      "version": "1.17.0",
      "resolved": "https://registry.npm.taobao.org/resolve/download/resolve-1.17.0.tgz",
      "integrity": "sha1-sllBtUloIxzC0bt2p5y38sC/hEQ=",
      "dev": true,
      "requires": {
        "path-parse": "^1.0.6"
      }
    },
    "reusify": {
      "version": "1.0.4",
      "resolved": "https://registry.npm.taobao.org/reusify/download/reusify-1.0.4.tgz",
      "integrity": "sha1-kNo4Kx4SbvwCFG6QhFqI2xKSXXY=",
      "dev": true
    },
    "run-parallel": {
      "version": "1.1.9",
      "resolved": "https://registry.npm.taobao.org/run-parallel/download/run-parallel-1.1.9.tgz",
      "integrity": "sha1-yd06fPn0ssS2JE4XOm7YZuYd1nk=",
      "dev": true
    },
    "safe-buffer": {
      "version": "5.2.1",
      "resolved": "https://registry.npmjs.org/safe-buffer/-/safe-buffer-5.2.1.tgz",
      "integrity": "sha512-rp3So07KcdmmKbGvgaNxQSJr7bGVSVk5S9Eq1F+ppbRo70+YeaDxkw5Dd8NPN+GD6bjnYm2VuPuCXmpuYvmCXQ==",
      "dev": true
    },
    "safer-buffer": {
      "version": "2.1.2",
      "resolved": "https://registry.npmjs.org/safer-buffer/-/safer-buffer-2.1.2.tgz",
      "integrity": "sha512-YZo3K82SD7Riyi0E1EQPojLz7kpepnSQI9IyPbHHg1XXXevb5dJI7tpyN2ADxGcQbHG7vcyRHk0cbwqcQriUtg==",
      "dev": true
    },
    "semver": {
      "version": "6.3.0",
      "resolved": "https://registry.npm.taobao.org/semver/download/semver-6.3.0.tgz",
      "integrity": "sha1-7gpkyK9ejO6mdoexM3YeG+y9HT0=",
      "dev": true
    },
    "slash": {
      "version": "3.0.0",
      "resolved": "https://registry.npm.taobao.org/slash/download/slash-3.0.0.tgz",
      "integrity": "sha1-ZTm+hwwWWtvVJAIg2+Nh8bxNRjQ=",
      "dev": true
    },
    "source-map": {
      "version": "0.6.1",
      "resolved": "http://registry.npm.taobao.org/source-map/download/source-map-0.6.1.tgz",
      "integrity": "sha1-dHIq8y6WFOnCh6jQu95IteLxomM=",
      "dev": true,
      "optional": true
    },
    "sshpk": {
      "version": "1.16.1",
      "resolved": "http://registry.npm.taobao.org/sshpk/download/sshpk-1.16.1.tgz",
      "integrity": "sha1-+2YcC+8ps520B2nuOfpwCT1vaHc=",
      "dev": true,
      "requires": {
        "asn1": "~0.2.3",
        "assert-plus": "^1.0.0",
        "bcrypt-pbkdf": "^1.0.0",
        "dashdash": "^1.12.0",
        "ecc-jsbn": "~0.1.1",
        "getpass": "^0.1.1",
        "jsbn": "~0.1.0",
        "safer-buffer": "^2.0.2",
        "tweetnacl": "~0.14.0"
      }
    },
    "stream-meter": {
      "version": "1.0.4",
      "resolved": "https://registry.npm.taobao.org/stream-meter/download/stream-meter-1.0.4.tgz",
      "integrity": "sha1-Uq+Vql6nYKJJFxZwTb/5D3Ov3R0=",
      "dev": true,
      "requires": {
        "readable-stream": "^2.1.4"
      },
      "dependencies": {
        "readable-stream": {
          "version": "2.3.7",
          "resolved": "https://registry.npm.taobao.org/readable-stream/download/readable-stream-2.3.7.tgz?cache=0&sync_timestamp=1581622984924&other_urls=https%3A%2F%2Fregistry.npm.taobao.org%2Freadable-stream%2Fdownload%2Freadable-stream-2.3.7.tgz",
          "integrity": "sha1-Hsoc9xGu+BTAT2IlKjamL2yyO1c=",
          "dev": true,
          "requires": {
            "core-util-is": "~1.0.0",
            "inherits": "~2.0.3",
            "isarray": "~1.0.0",
            "process-nextick-args": "~2.0.0",
            "safe-buffer": "~5.1.1",
            "string_decoder": "~1.1.1",
            "util-deprecate": "~1.0.1"
          }
        },
        "safe-buffer": {
          "version": "5.1.2",
          "resolved": "https://registry.npm.taobao.org/safe-buffer/download/safe-buffer-5.1.2.tgz",
          "integrity": "sha1-mR7GnSluAxN0fVm9/St0XDX4go0=",
          "dev": true
        },
        "string_decoder": {
          "version": "1.1.1",
          "resolved": "https://registry.npm.taobao.org/string_decoder/download/string_decoder-1.1.1.tgz",
          "integrity": "sha1-nPFhG6YmhdcDCunkujQUnDrwP8g=",
          "dev": true,
          "requires": {
            "safe-buffer": "~5.1.0"
          }
        }
      }
    },
    "supports-color": {
      "version": "7.1.0",
      "resolved": "https://registry.npm.taobao.org/supports-color/download/supports-color-7.1.0.tgz?cache=0&other_urls=https%3A%2F%2Fregistry.npm.taobao.org%2Fsupports-color%2Fdownload%2Fsupports-color-7.1.0.tgz",
      "integrity": "sha1-aOMlkd9z4lrRxLSRCKLsUHliv9E=",
      "dev": true,
      "requires": {
        "has-flag": "^4.0.0"
      }
    },
    "throttleit": {
      "version": "1.0.0",
      "resolved": "http://registry.npm.taobao.org/throttleit/download/throttleit-1.0.0.tgz",
      "integrity": "sha1-nnhYNtr0Z0MUWlmEtiaNgoUorGw=",
      "dev": true
    },
    "to-regex-range": {
      "version": "5.0.1",
      "resolved": "https://registry.npm.taobao.org/to-regex-range/download/to-regex-range-5.0.1.tgz",
      "integrity": "sha1-FkjESq58jZiKMmAY7XL1tN0DkuQ=",
      "dev": true,
      "requires": {
        "is-number": "^7.0.0"
      }
    },
    "tough-cookie": {
      "version": "2.5.0",
      "resolved": "https://registry.npm.taobao.org/tough-cookie/download/tough-cookie-2.5.0.tgz",
      "integrity": "sha1-zZ+yoKodWhK0c72fuW+j3P9lreI=",
      "dev": true,
      "requires": {
        "psl": "^1.1.28",
        "punycode": "^2.1.1"
      }
    },
    "tunnel-agent": {
      "version": "0.6.0",
      "resolved": "http://registry.npm.taobao.org/tunnel-agent/download/tunnel-agent-0.6.0.tgz",
      "integrity": "sha1-J6XeoGs2sEoKmWZ3SykIaPD8QP0=",
      "dev": true,
      "requires": {
        "safe-buffer": "^5.0.1"
      }
    },
    "tweetnacl": {
      "version": "0.14.5",
      "resolved": "https://registry.npm.taobao.org/tweetnacl/download/tweetnacl-0.14.5.tgz",
      "integrity": "sha1-WuaBd/GS1EViadEIr6k/+HQ/T2Q=",
      "dev": true
    },
    "type-check": {
      "version": "0.3.2",
      "resolved": "https://registry.npm.taobao.org/type-check/download/type-check-0.3.2.tgz",
      "integrity": "sha1-WITKtRLPHTVeP7eE8wgEsrUg23I=",
      "dev": true,
      "requires": {
        "prelude-ls": "~1.1.2"
      }
    },
    "uid2": {
      "version": "0.0.3",
      "resolved": "https://registry.npm.taobao.org/uid2/download/uid2-0.0.3.tgz",
      "integrity": "sha1-SDEm4Rd03y9xuLY53NeZw3YWK4I=",
      "dev": true
    },
    "unique-temp-dir": {
      "version": "1.0.0",
      "resolved": "https://registry.npm.taobao.org/unique-temp-dir/download/unique-temp-dir-1.0.0.tgz",
      "integrity": "sha1-bc6VsmgcoAPuv7MEpBX5y6vMU4U=",
      "dev": true,
      "requires": {
        "mkdirp": "^0.5.1",
        "os-tmpdir": "^1.0.1",
        "uid2": "0.0.3"
      }
    },
    "universalify": {
      "version": "0.1.2",
      "resolved": "https://registry.npm.taobao.org/universalify/download/universalify-0.1.2.tgz",
      "integrity": "sha1-tkb2m+OULavOzJ1mOcgNwQXvqmY=",
      "dev": true
    },
    "uri-js": {
      "version": "4.2.2",
      "resolved": "http://registry.npm.taobao.org/uri-js/download/uri-js-4.2.2.tgz",
      "integrity": "sha1-lMVA4f93KVbiKZUHwBCupsiDjrA=",
      "dev": true,
      "requires": {
        "punycode": "^2.1.0"
      }
    },
    "util-deprecate": {
      "version": "1.0.2",
      "resolved": "https://registry.npmjs.org/util-deprecate/-/util-deprecate-1.0.2.tgz",
      "integrity": "sha1-RQ1Nyfpw3nMnYvvS1KKJgUGaDM8=",
      "dev": true
    },
    "uuid": {
      "version": "3.4.0",
      "resolved": "https://registry.npm.taobao.org/uuid/download/uuid-3.4.0.tgz?cache=0&sync_timestamp=1595884856212&other_urls=https%3A%2F%2Fregistry.npm.taobao.org%2Fuuid%2Fdownload%2Fuuid-3.4.0.tgz",
      "integrity": "sha1-sj5DWK+oogL+ehAK8fX4g/AgB+4=",
      "dev": true
    },
    "verror": {
      "version": "1.10.0",
      "resolved": "http://registry.npm.taobao.org/verror/download/verror-1.10.0.tgz",
      "integrity": "sha1-OhBcoXBTr1XW4nDB+CiGguGNpAA=",
      "dev": true,
      "requires": {
        "assert-plus": "^1.0.0",
        "core-util-is": "1.0.2",
        "extsprintf": "^1.2.0"
      }
    },
    "word-wrap": {
      "version": "1.2.3",
      "resolved": "http://registry.npm.taobao.org/word-wrap/download/word-wrap-1.2.3.tgz",
      "integrity": "sha1-YQY29rH3A4kb00dxzLF/uTtHB5w=",
      "dev": true
    }
  }
}
